<?xml version="1.0" encoding="utf-8"?>
<Project ToolsVersion="4.0" xmlns="http://schemas.microsoft.com/developer/msbuild/2003">
  <ItemGroup>
    <Filter Include="src">
      <UniqueIdentifier>{4FC737F1-C7A5-4376-A066-2A32D752A2FF}</UniqueIdentifier>
      <Extensions>cpp;c;cc;cxx;c++;cppm;ixx;def;odl;idl;hpj;bat;asm;asmx</Extensions>
    </Filter>
    <Filter Include="include">
      <UniqueIdentifier>{93995380-89BD-4b04-88EB-625FBE52EBFB}</UniqueIdentifier>
      <Extensions>h;hh;hpp;hxx;h++;hm;inl;inc;ipp;xsd</Extensions>
    </Filter>
  </ItemGroup>
  <ItemGroup>
    <ClCompile Include="AgileSD_Payroll.cpp">
      <Filter>src</Filter>
    </ClCompile>
    <ClCompile Include="src\AddEmployeeTransaction.cpp">
      <Filter>src</Filter>
    </ClCompile>
    <ClCompile Include="src\AddHourlyEmployee.cpp">
      <Filter>src</Filter>
    </ClCompile>
    <ClCompile Include="src\AddSalariedEmployee.cpp">
      <Filter>src</Filter>
    </ClCompile>
    <ClCompile Include="src\BiweeklySchedule.cpp">
      <Filter>src</Filter>
    </ClCompile>
    <ClCompile Include="src\ChangeAddressTransaction.cpp">
      <Filter>src</Filter>
    </ClCompile>
    <ClCompile Include="src\ChangeAffiliationTransaction.cpp">
      <Filter>src</Filter>
    </ClCompile>
    <ClCompile Include="src\ChangeClassificationTransaction.cpp">
      <Filter>src</Filter>
    </ClCompile>
    <ClCompile Include="src\ChangeCommissionedTransaction.cpp">
      <Filter>src</Filter>
    </ClCompile>
    <ClCompile Include="src\ChangeDirectTransaction.cpp">
      <Filter>src</Filter>
    </ClCompile>
    <ClCompile Include="src\ChangeEmployeeTransaction.cpp">
      <Filter>src</Filter>
    </ClCompile>
    <ClCompile Include="src\ChangeHoldTransaction.cpp">
      <Filter>src</Filter>
    </ClCompile>
    <ClCompile Include="src\ChangeHourlyTransaction.cpp">
      <Filter>src</Filter>
    </ClCompile>
    <ClCompile Include="src\ChangeMailTransaction.cpp">
      <Filter>src</Filter>
    </ClCompile>
    <ClCompile Include="src\ChangeMemberTransaction.cpp">
      <Filter>src</Filter>
    </ClCompile>
    <ClCompile Include="src\ChangeMethodTransaction.cpp">
      <Filter>src</Filter>
    </ClCompile>
    <ClCompile Include="src\ChangeNameTransaction.cpp">
      <Filter>src</Filter>
    </ClCompile>
    <ClCompile Include="src\ChangeSalariedTransaction.cpp">
      <Filter>src</Filter>
    </ClCompile>
    <ClCompile Include="src\ChangeUnaffiliatedTransaction.cpp">
      <Filter>src</Filter>
    </ClCompile>
    <ClCompile Include="src\CommissionedClassification.cpp">
      <Filter>src</Filter>
    </ClCompile>
    <ClCompile Include="src\Date.cpp">
      <Filter>src</Filter>
    </ClCompile>
    <ClCompile Include="src\DeleteEmployeeTransaction.cpp">
      <Filter>src</Filter>
    </ClCompile>
    <ClCompile Include="src\DirectMethod.cpp">
      <Filter>src</Filter>
    </ClCompile>
    <ClCompile Include="src\Employee.cpp">
      <Filter>src</Filter>
    </ClCompile>
    <ClCompile Include="src\HoldMethod.cpp">
      <Filter>src</Filter>
    </ClCompile>
    <ClCompile Include="src\HourlyClassification.cpp">
      <Filter>src</Filter>
    </ClCompile>
    <ClCompile Include="src\MailMethod.cpp">
      <Filter>src</Filter>
    </ClCompile>
    <ClCompile Include="src\MonthlySchedule.cpp">
      <Filter>src</Filter>
    </ClCompile>
    <ClCompile Include="src\NoAffiliation.cpp">
      <Filter>src</Filter>
    </ClCompile>
    <ClCompile Include="src\PayCheck.cpp">
      <Filter>src</Filter>
    </ClCompile>
    <ClCompile Include="src\PaydayTransaction.cpp">
      <Filter>src</Filter>
    </ClCompile>
    <ClCompile Include="src\PaymentClassification.cpp">
      <Filter>src</Filter>
    </ClCompile>
    <ClCompile Include="src\PaymentMethod.cpp">
      <Filter>src</Filter>
    </ClCompile>
    <ClCompile Include="src\PaymentSchedule.cpp">
      <Filter>src</Filter>
    </ClCompile>
    <ClCompile Include="src\PayrollDatabase.cpp">
      <Filter>src</Filter>
    </ClCompile>
    <ClCompile Include="src\PayrollTest.cpp">
      <Filter>src</Filter>
    </ClCompile>
    <ClCompile Include="src\SalariedClassification.cpp">
      <Filter>src</Filter>
    </ClCompile>
    <ClCompile Include="src\SalesReceipt.cpp">
      <Filter>src</Filter>
    </ClCompile>
    <ClCompile Include="src\SalesReceiptTransaction.cpp">
      <Filter>src</Filter>
    </ClCompile>
    <ClCompile Include="src\ServiceCharge.cpp">
      <Filter>src</Filter>
    </ClCompile>
    <ClCompile Include="src\ServiceChargeTransaction.cpp">
      <Filter>src</Filter>
    </ClCompile>
    <ClCompile Include="src\TimeCard.cpp">
      <Filter>src</Filter>
    </ClCompile>
    <ClCompile Include="src\TimeCardTransaction.cpp">
      <Filter>src</Filter>
    </ClCompile>
    <ClCompile Include="src\Transaction.cpp">
      <Filter>src</Filter>
    </ClCompile>
    <ClCompile Include="src\UnionAffiliation.cpp">
      <Filter>src</Filter>
    </ClCompile>
    <ClCompile Include="src\WeeklySchedule.cpp">
      <Filter>src</Filter>
    </ClCompile>
    <ClCompile Include="src\AddCommissionedEmployee.cpp">
      <Filter>src</Filter>
    </ClCompile>
  </ItemGroup>
  <ItemGroup>
    <ClInclude Include="include\AddEmployeeTransaction.h">
      <Filter>include</Filter>
    </ClInclude>
    <ClInclude Include="include\AddHourlyEmployee.h">
      <Filter>include</Filter>
    </ClInclude>
    <ClInclude Include="include\AddSalariedEmployee.h">
      <Filter>include</Filter>
    </ClInclude>
    <ClInclude Include="include\Affiliation.h">
      <Filter>include</Filter>
    </ClInclude>
    <ClInclude Include="include\BiweeklySchedule.h">
      <Filter>include</Filter>
    </ClInclude>
    <ClInclude Include="include\ChangeAddressTransaction.h">
      <Filter>include</Filter>
    </ClInclude>
    <ClInclude Include="include\ChangeAffiliationTransaction.h">
      <Filter>include</Filter>
    </ClInclude>
    <ClInclude Include="include\ChangeClassificationTransaction.h">
      <Filter>include</Filter>
    </ClInclude>
    <ClInclude Include="include\ChangeCommissionedTransaction.h">
      <Filter>include</Filter>
    </ClInclude>
    <ClInclude Include="include\ChangeDirectTransaction.h">
      <Filter>include</Filter>
    </ClInclude>
    <ClInclude Include="include\ChangeEmployeeTransaction.h">
      <Filter>include</Filter>
    </ClInclude>
    <ClInclude Include="include\ChangeHoldTransaction.h">
      <Filter>include</Filter>
    </ClInclude>
    <ClInclude Include="include\ChangeHourlyTransaction.h">
      <Filter>include</Filter>
    </ClInclude>
    <ClInclude Include="include\ChangeMailTransaction.h">
      <Filter>include</Filter>
    </ClInclude>
    <ClInclude Include="include\ChangeMemberTransaction.h">
      <Filter>include</Filter>
    </ClInclude>
    <ClInclude Include="include\ChangeMethodTransaction.h">
      <Filter>include</Filter>
    </ClInclude>
    <ClInclude Include="include\ChangeNameTransaction.h">
      <Filter>include</Filter>
    </ClInclude>
    <ClInclude Include="include\ChangeSalariedTransaction.h">
      <Filter>include</Filter>
    </ClInclude>
    <ClInclude Include="include\ChangeUnaffiliatedTransaction.h">
      <Filter>include</Filter>
    </ClInclude>
    <ClInclude Include="include\CommissionedClassification.h">
      <Filter>include</Filter>
    </ClInclude>
    <ClInclude Include="include\Date.h">
      <Filter>include</Filter>
    </ClInclude>
    <ClInclude Include="include\DeleteEmployeeTransaction.h">
      <Filter>include</Filter>
    </ClInclude>
    <ClInclude Include="include\DirectMethod.h">
      <Filter>include</Filter>
    </ClInclude>
    <ClInclude Include="include\Employee.h">
      <Filter>include</Filter>
    </ClInclude>
    <ClInclude Include="include\HoldMethod.h">
      <Filter>include</Filter>
    </ClInclude>
    <ClInclude Include="include\HourlyClassification.h">
      <Filter>include</Filter>
    </ClInclude>
    <ClInclude Include="include\MailMethod.h">
      <Filter>include</Filter>
    </ClInclude>
    <ClInclude Include="include\MonthlySchedule.h">
      <Filter>include</Filter>
    </ClInclude>
    <ClInclude Include="include\NoAffiliation.h">
      <Filter>include</Filter>
    </ClInclude>
    <ClInclude Include="include\PayCheck.h">
      <Filter>include</Filter>
    </ClInclude>
    <ClInclude Include="include\PaydayTransaction.h">
      <Filter>include</Filter>
    </ClInclude>
    <ClInclude Include="include\PaymentClassification.h">
      <Filter>include</Filter>
    </ClInclude>
    <ClInclude Include="include\PaymentMethod.h">
      <Filter>include</Filter>
    </ClInclude>
    <ClInclude Include="include\PaymentSchedule.h">
      <Filter>include</Filter>
    </ClInclude>
    <ClInclude Include="include\PayrollDatabase.h">
      <Filter>include</Filter>
    </ClInclude>
    <ClInclude Include="include\SalariedClassification.h">
      <Filter>include</Filter>
    </ClInclude>
    <ClInclude Include="include\SalesReceipt.h">
      <Filter>include</Filter>
    </ClInclude>
    <ClInclude Include="include\SalesReceiptTransaction.h">
      <Filter>include</Filter>
    </ClInclude>
    <ClInclude Include="include\ServiceCharge.h">
      <Filter>include</Filter>
    </ClInclude>
    <ClInclude Include="include\ServiceChargeTransaction.h">
      <Filter>include</Filter>
    </ClInclude>
    <ClInclude Include="include\TimeCard.h">
      <Filter>include</Filter>
    </ClInclude>
    <ClInclude Include="include\TimeCardTransaction.h">
      <Filter>include</Filter>
    </ClInclude>
    <ClInclude Include="include\Transaction.h">
      <Filter>include</Filter>
    </ClInclude>
    <ClInclude Include="include\UnionAffiliation.h">
      <Filter>include</Filter>
    </ClInclude>
    <ClInclude Include="include\WeeklySchedule.h">
      <Filter>include</Filter>
    </ClInclude>
    <ClInclude Include="include\AddCommissionedEmployee.h">
      <Filter>include</Filter>
    </ClInclude>
  </ItemGroup>
</Project>